
Microsoft Visual Studio Solution File, Format Version 12.00
# Visual Studio Version 16
VisualStudioVersion = 16.0.28516.95
MinimumVisualStudioVersion = 10.0.40219.1
Project("{2150E333-8FDC-42A3-9474-1A3956D46DE8}") = "src", "src", "{9396F8F4-299D-427C-B829-EF9A931DAA3C}"
EndProject
Project("{2150E333-8FDC-42A3-9474-1A3956D46DE8}") = "Solution Items", "Solution Items", "{29C82942-7831-4838-8E05-C15DC4390D8B}"
	ProjectSection(SolutionItems) = preProject
		.dockerignore = .dockerignore
		.gitignore = .gitignore
		azure-pipelines.yml = azure-pipelines.yml
		build\common.props = build\common.props
		build\DataSpreads.props = build\DataSpreads.props
		DataSpreads.sln.licenseheader = DataSpreads.sln.licenseheader
		NuGet.Config = NuGet.Config
		README.md = README.md
		test.bat = test.bat
	EndProjectSection
EndProject
Project("{2150E333-8FDC-42A3-9474-1A3956D46DE8}") = "test", "test", "{ECB63F46-D037-4EEA-A4CD-BF18B5B9D2C4}"
EndProject
Project("{9A19103F-16F7-4668-BE54-9A1E7A4F7556}") = "DataSpreads.Tests", "test\DataSpreads.Tests\DataSpreads.Tests.csproj", "{B66E4EDB-9FC8-495B-BEE6-972DB56B32FA}"
EndProject
Project("{9A19103F-16F7-4668-BE54-9A1E7A4F7556}") = "DataSpreads.Tests.Run", "test\DataSpreads.Tests.Run\DataSpreads.Tests.Run.csproj", "{CAC1EB85-24B4-4310-9038-AC8DAD0FA7D6}"
EndProject
Project("{2150E333-8FDC-42A3-9474-1A3956D46DE8}") = "docs", "docs", "{7C08E4B3-F5AA-4993-896E-2BEA9ED3B6CA}"
	ProjectSection(SolutionItems) = preProject
		docs\Repos.md = docs\Repos.md
		docs\Sandbox.md = docs\Sandbox.md
	EndProjectSection
EndProject
Project("{9A19103F-16F7-4668-BE54-9A1E7A4F7556}") = "DataSpreads.Core", "src\DataSpreads.Core\DataSpreads.Core.csproj", "{7F1214A3-E741-4B3A-86AD-16399AC3C772}"
EndProject
Project("{9A19103F-16F7-4668-BE54-9A1E7A4F7556}") = "DataSpreads", "src\DataSpreads\DataSpreads.csproj", "{0F88952E-4197-4927-90D6-42D11C5D8A8A}"
EndProject
Project("{9A19103F-16F7-4668-BE54-9A1E7A4F7556}") = "DataSpreads.Security", "src\DataSpreads.Security\DataSpreads.Security.csproj", "{5B8F4C21-8FF4-4130-A573-9DB212001FAB}"
EndProject
Project("{9A19103F-16F7-4668-BE54-9A1E7A4F7556}") = "DataSpreads.Core.Tests", "test\DataSpreads.Core.Tests\DataSpreads.Core.Tests.csproj", "{69F6E33C-F448-416E-BA61-842154E3F436}"
EndProject
Project("{9A19103F-16F7-4668-BE54-9A1E7A4F7556}") = "DataSpreads.Security.Tests", "test\DataSpreads.Security.Tests\DataSpreads.Security.Tests.csproj", "{DAAD19FF-4997-466D-A8EA-F0A1F041A7F5}"
EndProject
Project("{E53339B2-1760-4266-BCC7-CA923CBCF16C}") = "DockerRun", "test\DockerRun\DockerRun.dcproj", "{B9D404C4-9703-4D18-A292-E079389919A2}"
EndProject
Project("{2150E333-8FDC-42A3-9474-1A3956D46DE8}") = "samples", "samples", "{D12934D4-2871-48DB-B961-C46FCEB9B9DD}"
EndProject
Project("{9A19103F-16F7-4668-BE54-9A1E7A4F7556}") = "CrossProcess", "samples\CrossProcess\CrossProcess.csproj", "{F63578E2-B228-402D-BF99-9AC448875BD8}"
EndProject
Global
	GlobalSection(SolutionConfigurationPlatforms) = preSolution
		Debug|Any CPU = Debug|Any CPU
		Debug|ARM = Debug|ARM
		Debug|x64 = Debug|x64
		Debug|x86 = Debug|x86
		Publish|Any CPU = Publish|Any CPU
		Publish|ARM = Publish|ARM
		Publish|x64 = Publish|x64
		Publish|x86 = Publish|x86
		Release|Any CPU = Release|Any CPU
		Release|ARM = Release|ARM
		Release|x64 = Release|x64
		Release|x86 = Release|x86
	EndGlobalSection
	GlobalSection(ProjectConfigurationPlatforms) = postSolution
		{B66E4EDB-9FC8-495B-BEE6-972DB56B32FA}.Debug|Any CPU.ActiveCfg = Debug|Any CPU
		{B66E4EDB-9FC8-495B-BEE6-972DB56B32FA}.Debug|Any CPU.Build.0 = Debug|Any CPU
		{B66E4EDB-9FC8-495B-BEE6-972DB56B32FA}.Debug|ARM.ActiveCfg = Debug|Any CPU
		{B66E4EDB-9FC8-495B-BEE6-972DB56B32FA}.Debug|ARM.Build.0 = Debug|Any CPU
		{B66E4EDB-9FC8-495B-BEE6-972DB56B32FA}.Debug|x64.ActiveCfg = Debug|Any CPU
		{B66E4EDB-9FC8-495B-BEE6-972DB56B32FA}.Debug|x64.Build.0 = Debug|Any CPU
		{B66E4EDB-9FC8-495B-BEE6-972DB56B32FA}.Debug|x86.ActiveCfg = Debug|Any CPU
		{B66E4EDB-9FC8-495B-BEE6-972DB56B32FA}.Debug|x86.Build.0 = Debug|Any CPU
		{B66E4EDB-9FC8-495B-BEE6-972DB56B32FA}.Publish|Any CPU.ActiveCfg = Release|Any CPU
		{B66E4EDB-9FC8-495B-BEE6-972DB56B32FA}.Publish|Any CPU.Build.0 = Release|Any CPU
		{B66E4EDB-9FC8-495B-BEE6-972DB56B32FA}.Publish|ARM.ActiveCfg = Release|Any CPU
		{B66E4EDB-9FC8-495B-BEE6-972DB56B32FA}.Publish|ARM.Build.0 = Release|Any CPU
		{B66E4EDB-9FC8-495B-BEE6-972DB56B32FA}.Publish|x64.ActiveCfg = Release|Any CPU
		{B66E4EDB-9FC8-495B-BEE6-972DB56B32FA}.Publish|x64.Build.0 = Release|Any CPU
		{B66E4EDB-9FC8-495B-BEE6-972DB56B32FA}.Publish|x86.ActiveCfg = Release|Any CPU
		{B66E4EDB-9FC8-495B-BEE6-972DB56B32FA}.Publish|x86.Build.0 = Release|Any CPU
		{B66E4EDB-9FC8-495B-BEE6-972DB56B32FA}.Release|Any CPU.ActiveCfg = Release|Any CPU
		{B66E4EDB-9FC8-495B-BEE6-972DB56B32FA}.Release|Any CPU.Build.0 = Release|Any CPU
		{B66E4EDB-9FC8-495B-BEE6-972DB56B32FA}.Release|ARM.ActiveCfg = Release|Any CPU
		{B66E4EDB-9FC8-495B-BEE6-972DB56B32FA}.Release|ARM.Build.0 = Release|Any CPU
		{B66E4EDB-9FC8-495B-BEE6-972DB56B32FA}.Release|x64.ActiveCfg = Release|Any CPU
		{B66E4EDB-9FC8-495B-BEE6-972DB56B32FA}.Release|x64.Build.0 = Release|Any CPU
		{B66E4EDB-9FC8-495B-BEE6-972DB56B32FA}.Release|x86.ActiveCfg = Release|Any CPU
		{B66E4EDB-9FC8-495B-BEE6-972DB56B32FA}.Release|x86.Build.0 = Release|Any CPU
		{CAC1EB85-24B4-4310-9038-AC8DAD0FA7D6}.Debug|Any CPU.ActiveCfg = Debug|Any CPU
		{CAC1EB85-24B4-4310-9038-AC8DAD0FA7D6}.Debug|Any CPU.Build.0 = Debug|Any CPU
		{CAC1EB85-24B4-4310-9038-AC8DAD0FA7D6}.Debug|ARM.ActiveCfg = Debug|Any CPU
		{CAC1EB85-24B4-4310-9038-AC8DAD0FA7D6}.Debug|ARM.Build.0 = Debug|Any CPU
		{CAC1EB85-24B4-4310-9038-AC8DAD0FA7D6}.Debug|x64.ActiveCfg = Debug|Any CPU
		{CAC1EB85-24B4-4310-9038-AC8DAD0FA7D6}.Debug|x64.Build.0 = Debug|Any CPU
		{CAC1EB85-24B4-4310-9038-AC8DAD0FA7D6}.Debug|x86.ActiveCfg = Debug|Any CPU
		{CAC1EB85-24B4-4310-9038-AC8DAD0FA7D6}.Debug|x86.Build.0 = Debug|Any CPU
		{CAC1EB85-24B4-4310-9038-AC8DAD0FA7D6}.Publish|Any CPU.ActiveCfg = Publish|Any CPU
		{CAC1EB85-24B4-4310-9038-AC8DAD0FA7D6}.Publish|Any CPU.Build.0 = Publish|Any CPU
		{CAC1EB85-24B4-4310-9038-AC8DAD0FA7D6}.Publish|ARM.ActiveCfg = Publish|Any CPU
		{CAC1EB85-24B4-4310-9038-AC8DAD0FA7D6}.Publish|ARM.Build.0 = Publish|Any CPU
		{CAC1EB85-24B4-4310-9038-AC8DAD0FA7D6}.Publish|x64.ActiveCfg = Publish|Any CPU
		{CAC1EB85-24B4-4310-9038-AC8DAD0FA7D6}.Publish|x64.Build.0 = Publish|Any CPU
		{CAC1EB85-24B4-4310-9038-AC8DAD0FA7D6}.Publish|x86.ActiveCfg = Publish|Any CPU
		{CAC1EB85-24B4-4310-9038-AC8DAD0FA7D6}.Publish|x86.Build.0 = Publish|Any CPU
		{CAC1EB85-24B4-4310-9038-AC8DAD0FA7D6}.Release|Any CPU.ActiveCfg = Release|Any CPU
		{CAC1EB85-24B4-4310-9038-AC8DAD0FA7D6}.Release|Any CPU.Build.0 = Release|Any CPU
		{CAC1EB85-24B4-4310-9038-AC8DAD0FA7D6}.Release|ARM.ActiveCfg = Release|Any CPU
		{CAC1EB85-24B4-4310-9038-AC8DAD0FA7D6}.Release|ARM.Build.0 = Release|Any CPU
		{CAC1EB85-24B4-4310-9038-AC8DAD0FA7D6}.Release|x64.ActiveCfg = Release|Any CPU
		{CAC1EB85-24B4-4310-9038-AC8DAD0FA7D6}.Release|x64.Build.0 = Release|Any CPU
		{CAC1EB85-24B4-4310-9038-AC8DAD0FA7D6}.Release|x86.ActiveCfg = Release|Any CPU
		{CAC1EB85-24B4-4310-9038-AC8DAD0FA7D6}.Release|x86.Build.0 = Release|Any CPU
		{7F1214A3-E741-4B3A-86AD-16399AC3C772}.Debug|Any CPU.ActiveCfg = Debug|Any CPU
		{7F1214A3-E741-4B3A-86AD-16399AC3C772}.Debug|Any CPU.Build.0 = Debug|Any CPU
		{7F1214A3-E741-4B3A-86AD-16399AC3C772}.Debug|ARM.ActiveCfg = Debug|Any CPU
		{7F1214A3-E741-4B3A-86AD-16399AC3C772}.Debug|ARM.Build.0 = Debug|Any CPU
		{7F1214A3-E741-4B3A-86AD-16399AC3C772}.Debug|x64.ActiveCfg = Debug|Any CPU
		{7F1214A3-E741-4B3A-86AD-16399AC3C772}.Debug|x64.Build.0 = Debug|Any CPU
		{7F1214A3-E741-4B3A-86AD-16399AC3C772}.Debug|x86.ActiveCfg = Debug|Any CPU
		{7F1214A3-E741-4B3A-86AD-16399AC3C772}.Debug|x86.Build.0 = Debug|Any CPU
		{7F1214A3-E741-4B3A-86AD-16399AC3C772}.Publish|Any CPU.ActiveCfg = Debug|Any CPU
		{7F1214A3-E741-4B3A-86AD-16399AC3C772}.Publish|Any CPU.Build.0 = Debug|Any CPU
		{7F1214A3-E741-4B3A-86AD-16399AC3C772}.Publish|ARM.ActiveCfg = Debug|Any CPU
		{7F1214A3-E741-4B3A-86AD-16399AC3C772}.Publish|ARM.Build.0 = Debug|Any CPU
		{7F1214A3-E741-4B3A-86AD-16399AC3C772}.Publish|x64.ActiveCfg = Debug|Any CPU
		{7F1214A3-E741-4B3A-86AD-16399AC3C772}.Publish|x64.Build.0 = Debug|Any CPU
		{7F1214A3-E741-4B3A-86AD-16399AC3C772}.Publish|x86.ActiveCfg = Debug|Any CPU
		{7F1214A3-E741-4B3A-86AD-16399AC3C772}.Publish|x86.Build.0 = Debug|Any CPU
		{7F1214A3-E741-4B3A-86AD-16399AC3C772}.Release|Any CPU.ActiveCfg = Release|Any CPU
		{7F1214A3-E741-4B3A-86AD-16399AC3C772}.Release|Any CPU.Build.0 = Release|Any CPU
		{7F1214A3-E741-4B3A-86AD-16399AC3C772}.Release|ARM.ActiveCfg = Release|Any CPU
		{7F1214A3-E741-4B3A-86AD-16399AC3C772}.Release|ARM.Build.0 = Release|Any CPU
		{7F1214A3-E741-4B3A-86AD-16399AC3C772}.Release|x64.ActiveCfg = Release|Any CPU
		{7F1214A3-E741-4B3A-86AD-16399AC3C772}.Release|x64.Build.0 = Release|Any CPU
		{7F1214A3-E741-4B3A-86AD-16399AC3C772}.Release|x86.ActiveCfg = Release|Any CPU
		{7F1214A3-E741-4B3A-86AD-16399AC3C772}.Release|x86.Build.0 = Release|Any CPU
		{0F88952E-4197-4927-90D6-42D11C5D8A8A}.Debug|Any CPU.ActiveCfg = Debug|Any CPU
		{0F88952E-4197-4927-90D6-42D11C5D8A8A}.Debug|Any CPU.Build.0 = Debug|Any CPU
		{0F88952E-4197-4927-90D6-42D11C5D8A8A}.Debug|ARM.ActiveCfg = Debug|Any CPU
		{0F88952E-4197-4927-90D6-42D11C5D8A8A}.Debug|ARM.Build.0 = Debug|Any CPU
		{0F88952E-4197-4927-90D6-42D11C5D8A8A}.Debug|x64.ActiveCfg = Debug|Any CPU
		{0F88952E-4197-4927-90D6-42D11C5D8A8A}.Debug|x64.Build.0 = Debug|Any CPU
		{0F88952E-4197-4927-90D6-42D11C5D8A8A}.Debug|x86.ActiveCfg = Debug|Any CPU
		{0F88952E-4197-4927-90D6-42D11C5D8A8A}.Debug|x86.Build.0 = Debug|Any CPU
		{0F88952E-4197-4927-90D6-42D11C5D8A8A}.Publish|Any CPU.ActiveCfg = Debug|Any CPU
		{0F88952E-4197-4927-90D6-42D11C5D8A8A}.Publish|Any CPU.Build.0 = Debug|Any CPU
		{0F88952E-4197-4927-90D6-42D11C5D8A8A}.Publish|ARM.ActiveCfg = Debug|Any CPU
		{0F88952E-4197-4927-90D6-42D11C5D8A8A}.Publish|ARM.Build.0 = Debug|Any CPU
		{0F88952E-4197-4927-90D6-42D11C5D8A8A}.Publish|x64.ActiveCfg = Debug|Any CPU
		{0F88952E-4197-4927-90D6-42D11C5D8A8A}.Publish|x64.Build.0 = Debug|Any CPU
		{0F88952E-4197-4927-90D6-42D11C5D8A8A}.Publish|x86.ActiveCfg = Debug|Any CPU
		{0F88952E-4197-4927-90D6-42D11C5D8A8A}.Publish|x86.Build.0 = Debug|Any CPU
		{0F88952E-4197-4927-90D6-42D11C5D8A8A}.Release|Any CPU.ActiveCfg = Release|Any CPU
		{0F88952E-4197-4927-90D6-42D11C5D8A8A}.Release|Any CPU.Build.0 = Release|Any CPU
		{0F88952E-4197-4927-90D6-42D11C5D8A8A}.Release|ARM.ActiveCfg = Release|Any CPU
		{0F88952E-4197-4927-90D6-42D11C5D8A8A}.Release|ARM.Build.0 = Release|Any CPU
		{0F88952E-4197-4927-90D6-42D11C5D8A8A}.Release|x64.ActiveCfg = Release|Any CPU
		{0F88952E-4197-4927-90D6-42D11C5D8A8A}.Release|x64.Build.0 = Release|Any CPU
		{0F88952E-4197-4927-90D6-42D11C5D8A8A}.Release|x86.ActiveCfg = Release|Any CPU
		{0F88952E-4197-4927-90D6-42D11C5D8A8A}.Release|x86.Build.0 = Release|Any CPU
		{5B8F4C21-8FF4-4130-A573-9DB212001FAB}.Debug|Any CPU.ActiveCfg = Debug|Any CPU
		{5B8F4C21-8FF4-4130-A573-9DB212001FAB}.Debug|Any CPU.Build.0 = Debug|Any CPU
		{5B8F4C21-8FF4-4130-A573-9DB212001FAB}.Debug|ARM.ActiveCfg = Debug|Any CPU
		{5B8F4C21-8FF4-4130-A573-9DB212001FAB}.Debug|ARM.Build.0 = Debug|Any CPU
		{5B8F4C21-8FF4-4130-A573-9DB212001FAB}.Debug|x64.ActiveCfg = Debug|Any CPU
		{5B8F4C21-8FF4-4130-A573-9DB212001FAB}.Debug|x64.Build.0 = Debug|Any CPU
		{5B8F4C21-8FF4-4130-A573-9DB212001FAB}.Debug|x86.ActiveCfg = Debug|Any CPU
		{5B8F4C21-8FF4-4130-A573-9DB212001FAB}.Debug|x86.Build.0 = Debug|Any CPU
		{5B8F4C21-8FF4-4130-A573-9DB212001FAB}.Publish|Any CPU.ActiveCfg = Debug|Any CPU
		{5B8F4C21-8FF4-4130-A573-9DB212001FAB}.Publish|Any CPU.Build.0 = Debug|Any CPU
		{5B8F4C21-8FF4-4130-A573-9DB212001FAB}.Publish|ARM.ActiveCfg = Debug|Any CPU
		{5B8F4C21-8FF4-4130-A573-9DB212001FAB}.Publish|ARM.Build.0 = Debug|Any CPU
		{5B8F4C21-8FF4-4130-A573-9DB212001FAB}.Publish|x64.ActiveCfg = Debug|Any CPU
		{5B8F4C21-8FF4-4130-A573-9DB212001FAB}.Publish|x64.Build.0 = Debug|Any CPU
		{5B8F4C21-8FF4-4130-A573-9DB212001FAB}.Publish|x86.ActiveCfg = Debug|Any CPU
		{5B8F4C21-8FF4-4130-A573-9DB212001FAB}.Publish|x86.Build.0 = Debug|Any CPU
		{5B8F4C21-8FF4-4130-A573-9DB212001FAB}.Release|Any CPU.ActiveCfg = Release|Any CPU
		{5B8F4C21-8FF4-4130-A573-9DB212001FAB}.Release|Any CPU.Build.0 = Release|Any CPU
		{5B8F4C21-8FF4-4130-A573-9DB212001FAB}.Release|ARM.ActiveCfg = Release|Any CPU
		{5B8F4C21-8FF4-4130-A573-9DB212001FAB}.Release|ARM.Build.0 = Release|Any CPU
		{5B8F4C21-8FF4-4130-A573-9DB212001FAB}.Release|x64.ActiveCfg = Release|Any CPU
		{5B8F4C21-8FF4-4130-A573-9DB212001FAB}.Release|x64.Build.0 = Release|Any CPU
		{5B8F4C21-8FF4-4130-A573-9DB212001FAB}.Release|x86.ActiveCfg = Release|Any CPU
		{5B8F4C21-8FF4-4130-A573-9DB212001FAB}.Release|x86.Build.0 = Release|Any CPU
		{69F6E33C-F448-416E-BA61-842154E3F436}.Debug|Any CPU.ActiveCfg = Debug|Any CPU
		{69F6E33C-F448-416E-BA61-842154E3F436}.Debug|Any CPU.Build.0 = Debug|Any CPU
		{69F6E33C-F448-416E-BA61-842154E3F436}.Debug|ARM.ActiveCfg = Debug|Any CPU
		{69F6E33C-F448-416E-BA61-842154E3F436}.Debug|ARM.Build.0 = Debug|Any CPU
		{69F6E33C-F448-416E-BA61-842154E3F436}.Debug|x64.ActiveCfg = Debug|Any CPU
		{69F6E33C-F448-416E-BA61-842154E3F436}.Debug|x64.Build.0 = Debug|Any CPU
		{69F6E33C-F448-416E-BA61-842154E3F436}.Debug|x86.ActiveCfg = Debug|Any CPU
		{69F6E33C-F448-416E-BA61-842154E3F436}.Debug|x86.Build.0 = Debug|Any CPU
		{69F6E33C-F448-416E-BA61-842154E3F436}.Publish|Any CPU.ActiveCfg = Debug|Any CPU
		{69F6E33C-F448-416E-BA61-842154E3F436}.Publish|Any CPU.Build.0 = Debug|Any CPU
		{69F6E33C-F448-416E-BA61-842154E3F436}.Publish|ARM.ActiveCfg = Debug|Any CPU
		{69F6E33C-F448-416E-BA61-842154E3F436}.Publish|ARM.Build.0 = Debug|Any CPU
		{69F6E33C-F448-416E-BA61-842154E3F436}.Publish|x64.ActiveCfg = Debug|Any CPU
		{69F6E33C-F448-416E-BA61-842154E3F436}.Publish|x64.Build.0 = Debug|Any CPU
		{69F6E33C-F448-416E-BA61-842154E3F436}.Publish|x86.ActiveCfg = Debug|Any CPU
		{69F6E33C-F448-416E-BA61-842154E3F436}.Publish|x86.Build.0 = Debug|Any CPU
		{69F6E33C-F448-416E-BA61-842154E3F436}.Release|Any CPU.ActiveCfg = Release|Any CPU
		{69F6E33C-F448-416E-BA61-842154E3F436}.Release|Any CPU.Build.0 = Release|Any CPU
		{69F6E33C-F448-416E-BA61-842154E3F436}.Release|ARM.ActiveCfg = Release|Any CPU
		{69F6E33C-F448-416E-BA61-842154E3F436}.Release|ARM.Build.0 = Release|Any CPU
		{69F6E33C-F448-416E-BA61-842154E3F436}.Release|x64.ActiveCfg = Release|Any CPU
		{69F6E33C-F448-416E-BA61-842154E3F436}.Release|x64.Build.0 = Release|Any CPU
		{69F6E33C-F448-416E-BA61-842154E3F436}.Release|x86.ActiveCfg = Release|Any CPU
		{69F6E33C-F448-416E-BA61-842154E3F436}.Release|x86.Build.0 = Release|Any CPU
		{DAAD19FF-4997-466D-A8EA-F0A1F041A7F5}.Debug|Any CPU.ActiveCfg = Debug|Any CPU
		{DAAD19FF-4997-466D-A8EA-F0A1F041A7F5}.Debug|Any CPU.Build.0 = Debug|Any CPU
		{DAAD19FF-4997-466D-A8EA-F0A1F041A7F5}.Debug|ARM.ActiveCfg = Debug|Any CPU
		{DAAD19FF-4997-466D-A8EA-F0A1F041A7F5}.Debug|ARM.Build.0 = Debug|Any CPU
		{DAAD19FF-4997-466D-A8EA-F0A1F041A7F5}.Debug|x64.ActiveCfg = Debug|Any CPU
		{DAAD19FF-4997-466D-A8EA-F0A1F041A7F5}.Debug|x64.Build.0 = Debug|Any CPU
		{DAAD19FF-4997-466D-A8EA-F0A1F041A7F5}.Debug|x86.ActiveCfg = Debug|Any CPU
		{DAAD19FF-4997-466D-A8EA-F0A1F041A7F5}.Debug|x86.Build.0 = Debug|Any CPU
		{DAAD19FF-4997-466D-A8EA-F0A1F041A7F5}.Publish|Any CPU.ActiveCfg = Debug|Any CPU
		{DAAD19FF-4997-466D-A8EA-F0A1F041A7F5}.Publish|Any CPU.Build.0 = Debug|Any CPU
		{DAAD19FF-4997-466D-A8EA-F0A1F041A7F5}.Publish|ARM.ActiveCfg = Debug|Any CPU
		{DAAD19FF-4997-466D-A8EA-F0A1F041A7F5}.Publish|ARM.Build.0 = Debug|Any CPU
		{DAAD19FF-4997-466D-A8EA-F0A1F041A7F5}.Publish|x64.ActiveCfg = Debug|Any CPU
		{DAAD19FF-4997-466D-A8EA-F0A1F041A7F5}.Publish|x64.Build.0 = Debug|Any CPU
		{DAAD19FF-4997-466D-A8EA-F0A1F041A7F5}.Publish|x86.ActiveCfg = Debug|Any CPU
		{DAAD19FF-4997-466D-A8EA-F0A1F041A7F5}.Publish|x86.Build.0 = Debug|Any CPU
		{DAAD19FF-4997-466D-A8EA-F0A1F041A7F5}.Release|Any CPU.ActiveCfg = Release|Any CPU
		{DAAD19FF-4997-466D-A8EA-F0A1F041A7F5}.Release|Any CPU.Build.0 = Release|Any CPU
		{DAAD19FF-4997-466D-A8EA-F0A1F041A7F5}.Release|ARM.ActiveCfg = Release|Any CPU
		{DAAD19FF-4997-466D-A8EA-F0A1F041A7F5}.Release|ARM.Build.0 = Release|Any CPU
		{DAAD19FF-4997-466D-A8EA-F0A1F041A7F5}.Release|x64.ActiveCfg = Release|Any CPU
		{DAAD19FF-4997-466D-A8EA-F0A1F041A7F5}.Release|x64.Build.0 = Release|Any CPU
		{DAAD19FF-4997-466D-A8EA-F0A1F041A7F5}.Release|x86.ActiveCfg = Release|Any CPU
		{DAAD19FF-4997-466D-A8EA-F0A1F041A7F5}.Release|x86.Build.0 = Release|Any CPU
		{B9D404C4-9703-4D18-A292-E079389919A2}.Debug|Any CPU.ActiveCfg = Debug|Any CPU
		{B9D404C4-9703-4D18-A292-E079389919A2}.Debug|Any CPU.Build.0 = Debug|Any CPU
		{B9D404C4-9703-4D18-A292-E079389919A2}.Debug|ARM.ActiveCfg = Debug|Any CPU
		{B9D404C4-9703-4D18-A292-E079389919A2}.Debug|ARM.Build.0 = Debug|Any CPU
		{B9D404C4-9703-4D18-A292-E079389919A2}.Debug|x64.ActiveCfg = Debug|Any CPU
		{B9D404C4-9703-4D18-A292-E079389919A2}.Debug|x64.Build.0 = Debug|Any CPU
		{B9D404C4-9703-4D18-A292-E079389919A2}.Debug|x86.ActiveCfg = Debug|Any CPU
		{B9D404C4-9703-4D18-A292-E079389919A2}.Debug|x86.Build.0 = Debug|Any CPU
		{B9D404C4-9703-4D18-A292-E079389919A2}.Publish|Any CPU.ActiveCfg = Debug|Any CPU
		{B9D404C4-9703-4D18-A292-E079389919A2}.Publish|Any CPU.Build.0 = Debug|Any CPU
		{B9D404C4-9703-4D18-A292-E079389919A2}.Publish|ARM.ActiveCfg = Debug|Any CPU
		{B9D404C4-9703-4D18-A292-E079389919A2}.Publish|ARM.Build.0 = Debug|Any CPU
		{B9D404C4-9703-4D18-A292-E079389919A2}.Publish|x64.ActiveCfg = Debug|Any CPU
		{B9D404C4-9703-4D18-A292-E079389919A2}.Publish|x64.Build.0 = Debug|Any CPU
		{B9D404C4-9703-4D18-A292-E079389919A2}.Publish|x86.ActiveCfg = Debug|Any CPU
		{B9D404C4-9703-4D18-A292-E079389919A2}.Publish|x86.Build.0 = Debug|Any CPU
		{B9D404C4-9703-4D18-A292-E079389919A2}.Release|Any CPU.ActiveCfg = Release|Any CPU
		{B9D404C4-9703-4D18-A292-E079389919A2}.Release|Any CPU.Build.0 = Release|Any CPU
		{B9D404C4-9703-4D18-A292-E079389919A2}.Release|ARM.ActiveCfg = Release|Any CPU
		{B9D404C4-9703-4D18-A292-E079389919A2}.Release|ARM.Build.0 = Release|Any CPU
		{B9D404C4-9703-4D18-A292-E079389919A2}.Release|x64.ActiveCfg = Release|Any CPU
		{B9D404C4-9703-4D18-A292-E079389919A2}.Release|x64.Build.0 = Release|Any CPU
		{B9D404C4-9703-4D18-A292-E079389919A2}.Release|x86.ActiveCfg = Release|Any CPU
		{B9D404C4-9703-4D18-A292-E079389919A2}.Release|x86.Build.0 = Release|Any CPU
		{F63578E2-B228-402D-BF99-9AC448875BD8}.Debug|Any CPU.ActiveCfg = Debug|Any CPU
		{F63578E2-B228-402D-BF99-9AC448875BD8}.Debug|Any CPU.Build.0 = Debug|Any CPU
		{F63578E2-B228-402D-BF99-9AC448875BD8}.Debug|ARM.ActiveCfg = Debug|Any CPU
		{F63578E2-B228-402D-BF99-9AC448875BD8}.Debug|ARM.Build.0 = Debug|Any CPU
		{F63578E2-B228-402D-BF99-9AC448875BD8}.Debug|x64.ActiveCfg = Debug|Any CPU
		{F63578E2-B228-402D-BF99-9AC448875BD8}.Debug|x64.Build.0 = Debug|Any CPU
		{F63578E2-B228-402D-BF99-9AC448875BD8}.Debug|x86.ActiveCfg = Debug|Any CPU
		{F63578E2-B228-402D-BF99-9AC448875BD8}.Debug|x86.Build.0 = Debug|Any CPU
		{F63578E2-B228-402D-BF99-9AC448875BD8}.Publish|Any CPU.ActiveCfg = Debug|Any CPU
		{F63578E2-B228-402D-BF99-9AC448875BD8}.Publish|Any CPU.Build.0 = Debug|Any CPU
		{F63578E2-B228-402D-BF99-9AC448875BD8}.Publish|ARM.ActiveCfg = Debug|Any CPU
		{F63578E2-B228-402D-BF99-9AC448875BD8}.Publish|ARM.Build.0 = Debug|Any CPU
		{F63578E2-B228-402D-BF99-9AC448875BD8}.Publish|x64.ActiveCfg = Debug|Any CPU
		{F63578E2-B228-402D-BF99-9AC448875BD8}.Publish|x64.Build.0 = Debug|Any CPU
		{F63578E2-B228-402D-BF99-9AC448875BD8}.Publish|x86.ActiveCfg = Debug|Any CPU
		{F63578E2-B228-402D-BF99-9AC448875BD8}.Publish|x86.Build.0 = Debug|Any CPU
		{F63578E2-B228-402D-BF99-9AC448875BD8}.Release|Any CPU.ActiveCfg = Release|Any CPU
		{F63578E2-B228-402D-BF99-9AC448875BD8}.Release|Any CPU.Build.0 = Release|Any CPU
		{F63578E2-B228-402D-BF99-9AC448875BD8}.Release|ARM.ActiveCfg = Release|Any CPU
		{F63578E2-B228-402D-BF99-9AC448875BD8}.Release|ARM.Build.0 = Release|Any CPU
		{F63578E2-B228-402D-BF99-9AC448875BD8}.Release|x64.ActiveCfg = Release|Any CPU
		{F63578E2-B228-402D-BF99-9AC448875BD8}.Release|x64.Build.0 = Release|Any CPU
		{F63578E2-B228-402D-BF99-9AC448875BD8}.Release|x86.ActiveCfg = Release|Any CPU
		{F63578E2-B228-402D-BF99-9AC448875BD8}.Release|x86.Build.0 = Release|Any CPU
	EndGlobalSection
	GlobalSection(SolutionProperties) = preSolution
		HideSolutionNode = FALSE
	EndGlobalSection
	GlobalSection(NestedProjects) = preSolution
		{B66E4EDB-9FC8-495B-BEE6-972DB56B32FA} = {ECB63F46-D037-4EEA-A4CD-BF18B5B9D2C4}
		{CAC1EB85-24B4-4310-9038-AC8DAD0FA7D6} = {ECB63F46-D037-4EEA-A4CD-BF18B5B9D2C4}
		{7C08E4B3-F5AA-4993-896E-2BEA9ED3B6CA} = {29C82942-7831-4838-8E05-C15DC4390D8B}
		{7F1214A3-E741-4B3A-86AD-16399AC3C772} = {9396F8F4-299D-427C-B829-EF9A931DAA3C}
		{0F88952E-4197-4927-90D6-42D11C5D8A8A} = {9396F8F4-299D-427C-B829-EF9A931DAA3C}
		{5B8F4C21-8FF4-4130-A573-9DB212001FAB} = {9396F8F4-299D-427C-B829-EF9A931DAA3C}
		{69F6E33C-F448-416E-BA61-842154E3F436} = {ECB63F46-D037-4EEA-A4CD-BF18B5B9D2C4}
		{DAAD19FF-4997-466D-A8EA-F0A1F041A7F5} = {ECB63F46-D037-4EEA-A4CD-BF18B5B9D2C4}
		{B9D404C4-9703-4D18-A292-E079389919A2} = {ECB63F46-D037-4EEA-A4CD-BF18B5B9D2C4}
		{F63578E2-B228-402D-BF99-9AC448875BD8} = {D12934D4-2871-48DB-B961-C46FCEB9B9DD}
	EndGlobalSection
	GlobalSection(ExtensibilityGlobals) = postSolution
		SolutionGuid = {996E9DD1-EAC3-4B34-B39B-588AF3356A27}
	EndGlobalSection
	GlobalSection(Performance) = preSolution
		HasPerformanceSessions = true
	EndGlobalSection
EndGlobal
